
Microsoft Visual Studio Solution File, Format Version 12.00
# Visual Studio Version 16
VisualStudioVersion = 16.0.30523.141
MinimumVisualStudioVersion = 10.0.40219.1
Project("{FAE04EC0-301F-11D3-BF4B-00C04F79EFBC}") = "TestTransferRepo", "TestTransferRepo.csproj", "{27306FC7-5B48-4ECB-8352-04FEB25ACAC7}"
EndProject
Global
	GlobalSection(SolutionConfigurationPlatforms) = preSolution
		Debug|Any CPU = Debug|Any CPU
		Release|Any CPU = Release|Any CPU
	EndGlobalSection
	GlobalSection(ProjectConfigurationPlatforms) = postSolution
		{27306FC7-5B48-4ECB-8352-04FEB25ACAC7}.Debug|Any CPU.ActiveCfg = Debug|Any CPU
		{27306FC7-5B48-4ECB-8352-04FEB25ACAC7}.Debug|Any CPU.Build.0 = Debug|Any CPU
		{27306FC7-5B48-4ECB-8352-04FEB25ACAC7}.Release|Any CPU.ActiveCfg = Release|Any CPU
		{27306FC7-5B48-4ECB-8352-04FEB25ACAC7}.Release|Any CPU.Build.0 = Release|Any CPU
	EndGlobalSection
	GlobalSection(SolutionProperties) = preSolution
		HideSolutionNode = FALSE
	EndGlobalSection
	GlobalSection(ExtensibilityGlobals) = postSolution
		SolutionGuid = {D40D1614-0B1B-4874-8B78-9CC9D7F36363}
	EndGlobalSection
EndGlobal
